
Microsoft Visual Studio Solution File, Format Version 12.00
# Visual Studio Version 16
VisualStudioVersion = 16.0.32510.428
MinimumVisualStudioVersion = 10.0.40219.1
Project("{FAE04EC0-301F-11D3-BF4B-00C04F79EFBC}") = "L1", "L1\L1.csproj", "{975E1AF2-F0BB-453B-8037-6F68B0D81CEB}"
EndProject
Global
	GlobalSection(SolutionConfigurationPlatforms) = preSolution
		Debug|Any CPU = Debug|Any CPU
		Release|Any CPU = Release|Any CPU
	EndGlobalSection
	GlobalSection(ProjectConfigurationPlatforms) = postSolution
		{975E1AF2-F0BB-453B-8037-6F68B0D81CEB}.Debug|Any CPU.ActiveCfg = Debug|Any CPU
		{975E1AF2-F0BB-453B-8037-6F68B0D81CEB}.Debug|Any CPU.Build.0 = Debug|Any CPU
		{975E1AF2-F0BB-453B-8037-6F68B0D81CEB}.Release|Any CPU.ActiveCfg = Release|Any CPU
		{975E1AF2-F0BB-453B-8037-6F68B0D81CEB}.Release|Any CPU.Build.0 = Release|Any CPU
	EndGlobalSection
	GlobalSection(SolutionProperties) = preSolution
		HideSolutionNode = FALSE
	EndGlobalSection
	GlobalSection(ExtensibilityGlobals) = postSolution
		SolutionGuid = {069D0B89-B4A2-4B7F-9521-3725A1242100}
	EndGlobalSection
EndGlobal
